
Microsoft Visual Studio Solution File, Format Version 12.00
# Visual Studio Version 16
VisualStudioVersion = 16.0.29509.3
MinimumVisualStudioVersion = 10.0.40219.1
Project("{FAE04EC0-301F-11D3-BF4B-00C04F79EFBC}") = "RTS Coding Exercise", "RTS Coding Exercise\RTS Coding Exercise.csproj", "{5A60BDA3-BD87-4466-AA93-9457398C95F3}"
EndProject
Global
	GlobalSection(SolutionConfigurationPlatforms) = preSolution
		Debug|Any CPU = Debug|Any CPU
		Release|Any CPU = Release|Any CPU
	EndGlobalSection
	GlobalSection(ProjectConfigurationPlatforms) = postSolution
		{5A60BDA3-BD87-4466-AA93-9457398C95F3}.Debug|Any CPU.ActiveCfg = Debug|Any CPU
		{5A60BDA3-BD87-4466-AA93-9457398C95F3}.Debug|Any CPU.Build.0 = Debug|Any CPU
		{5A60BDA3-BD87-4466-AA93-9457398C95F3}.Release|Any CPU.ActiveCfg = Release|Any CPU
		{5A60BDA3-BD87-4466-AA93-9457398C95F3}.Release|Any CPU.Build.0 = Release|Any CPU
	EndGlobalSection
	GlobalSection(SolutionProperties) = preSolution
		HideSolutionNode = FALSE
	EndGlobalSection
	GlobalSection(ExtensibilityGlobals) = postSolution
		SolutionGuid = {DD2620D8-65F9-459E-9E1C-939CCD1C5CBA}
	EndGlobalSection
EndGlobal
